
Microsoft Visual Studio Solution File, Format Version 12.00
# Visual Studio Version 17
VisualStudioVersion = 17.13.35806.99
MinimumVisualStudioVersion = 10.0.40219.1
Project("{FAE04EC0-301F-11D3-BF4B-00C04F79EFBC}") = "pe.com.Matricula.bal", "pe.com.Matricula.bal\pe.com.Matricula.bal.csproj", "{3D6962A1-8EE1-495C-974C-7CB1A8C9A3C7}"
EndProject
Project("{FAE04EC0-301F-11D3-BF4B-00C04F79EFBC}") = "pe.com.Matricula.bo", "pe.com.Matricula.bo\pe.com.Matricula.bo.csproj", "{238C70BB-BCA7-4C0E-A6CD-83592DC05A1B}"
EndProject
Project("{FAE04EC0-301F-11D3-BF4B-00C04F79EFBC}") = "pe.com.Matricula.dal", "pe.com.Matricula.dal\pe.com.Matricula.dal.csproj", "{EDC76343-407E-42A7-A7C2-5C5B12C990B2}"
EndProject
Project("{FAE04EC0-301F-11D3-BF4B-00C04F79EFBC}") = "pe.com.Matricula.ui", "pe.com.Matricula.ui\pe.com.Matricula.ui.csproj", "{B173970B-A45F-4088-9E1B-3D2681737B6D}"
EndProject
Project("{FAE04EC0-301F-11D3-BF4B-00C04F79EFBC}") = "pe.com.Matriculaa.ui", "pe.com.Matriculaa.ui\pe.com.Matriculaa.ui.csproj", "{A499347D-7652-432C-98F1-831EEF43E647}"
EndProject
Global
	GlobalSection(SolutionConfigurationPlatforms) = preSolution
		Debug|Any CPU = Debug|Any CPU
		Release|Any CPU = Release|Any CPU
	EndGlobalSection
	GlobalSection(ProjectConfigurationPlatforms) = postSolution
		{3D6962A1-8EE1-495C-974C-7CB1A8C9A3C7}.Debug|Any CPU.ActiveCfg = Debug|Any CPU
		{3D6962A1-8EE1-495C-974C-7CB1A8C9A3C7}.Debug|Any CPU.Build.0 = Debug|Any CPU
		{3D6962A1-8EE1-495C-974C-7CB1A8C9A3C7}.Release|Any CPU.ActiveCfg = Release|Any CPU
		{3D6962A1-8EE1-495C-974C-7CB1A8C9A3C7}.Release|Any CPU.Build.0 = Release|Any CPU
		{238C70BB-BCA7-4C0E-A6CD-83592DC05A1B}.Debug|Any CPU.ActiveCfg = Debug|Any CPU
		{238C70BB-BCA7-4C0E-A6CD-83592DC05A1B}.Debug|Any CPU.Build.0 = Debug|Any CPU
		{238C70BB-BCA7-4C0E-A6CD-83592DC05A1B}.Release|Any CPU.ActiveCfg = Release|Any CPU
		{238C70BB-BCA7-4C0E-A6CD-83592DC05A1B}.Release|Any CPU.Build.0 = Release|Any CPU
		{EDC76343-407E-42A7-A7C2-5C5B12C990B2}.Debug|Any CPU.ActiveCfg = Debug|Any CPU
		{EDC76343-407E-42A7-A7C2-5C5B12C990B2}.Debug|Any CPU.Build.0 = Debug|Any CPU
		{EDC76343-407E-42A7-A7C2-5C5B12C990B2}.Release|Any CPU.ActiveCfg = Release|Any CPU
		{EDC76343-407E-42A7-A7C2-5C5B12C990B2}.Release|Any CPU.Build.0 = Release|Any CPU
		{B173970B-A45F-4088-9E1B-3D2681737B6D}.Debug|Any CPU.ActiveCfg = Debug|Any CPU
		{B173970B-A45F-4088-9E1B-3D2681737B6D}.Debug|Any CPU.Build.0 = Debug|Any CPU
		{B173970B-A45F-4088-9E1B-3D2681737B6D}.Release|Any CPU.ActiveCfg = Release|Any CPU
		{B173970B-A45F-4088-9E1B-3D2681737B6D}.Release|Any CPU.Build.0 = Release|Any CPU
		{A499347D-7652-432C-98F1-831EEF43E647}.Debug|Any CPU.ActiveCfg = Debug|Any CPU
		{A499347D-7652-432C-98F1-831EEF43E647}.Debug|Any CPU.Build.0 = Debug|Any CPU
		{A499347D-7652-432C-98F1-831EEF43E647}.Release|Any CPU.ActiveCfg = Release|Any CPU
		{A499347D-7652-432C-98F1-831EEF43E647}.Release|Any CPU.Build.0 = Release|Any CPU
	EndGlobalSection
	GlobalSection(SolutionProperties) = preSolution
		HideSolutionNode = FALSE
	EndGlobalSection
	GlobalSection(ExtensibilityGlobals) = postSolution
		SolutionGuid = {8F42193F-33BB-44E2-903F-C733C4983F59}
	EndGlobalSection
EndGlobal
